
Microsoft Visual Studio Solution File, Format Version 12.00
# Visual Studio 14
VisualStudioVersion = 14.0.23107.0
MinimumVisualStudioVersion = 10.0.40219.1
Project("{FAE04EC0-301F-11D3-BF4B-00C04F79EFBC}") = "PMCS", "PMCS\PMCS.csproj", "{0F813C2D-1375-4FBB-A703-0163C06281B5}"
EndProject
Project("{FAE04EC0-301F-11D3-BF4B-00C04F79EFBC}") = "ProjectModels", "ProjectModels\ProjectModels.csproj", "{0B0A932C-E26A-4A52-994C-9897DAF28021}"
EndProject
Project("{FAE04EC0-301F-11D3-BF4B-00C04F79EFBC}") = "ProjectModelsTest", "ProjectModelsTest\ProjectModelsTest.csproj", "{77B43AD4-4343-4737-B9FB-AC2C80CDE247}"
EndProject
Global
	GlobalSection(SolutionConfigurationPlatforms) = preSolution
		Debug|Any CPU = Debug|Any CPU
		Release|Any CPU = Release|Any CPU
	EndGlobalSection
	GlobalSection(ProjectConfigurationPlatforms) = postSolution
		{0F813C2D-1375-4FBB-A703-0163C06281B5}.Debug|Any CPU.ActiveCfg = Debug|Any CPU
		{0F813C2D-1375-4FBB-A703-0163C06281B5}.Debug|Any CPU.Build.0 = Debug|Any CPU
		{0F813C2D-1375-4FBB-A703-0163C06281B5}.Release|Any CPU.ActiveCfg = Release|Any CPU
		{0F813C2D-1375-4FBB-A703-0163C06281B5}.Release|Any CPU.Build.0 = Release|Any CPU
		{0B0A932C-E26A-4A52-994C-9897DAF28021}.Debug|Any CPU.ActiveCfg = Debug|Any CPU
		{0B0A932C-E26A-4A52-994C-9897DAF28021}.Debug|Any CPU.Build.0 = Debug|Any CPU
		{0B0A932C-E26A-4A52-994C-9897DAF28021}.Release|Any CPU.ActiveCfg = Release|Any CPU
		{0B0A932C-E26A-4A52-994C-9897DAF28021}.Release|Any CPU.Build.0 = Release|Any CPU
		{77B43AD4-4343-4737-B9FB-AC2C80CDE247}.Debug|Any CPU.ActiveCfg = Debug|Any CPU
		{77B43AD4-4343-4737-B9FB-AC2C80CDE247}.Debug|Any CPU.Build.0 = Debug|Any CPU
		{77B43AD4-4343-4737-B9FB-AC2C80CDE247}.Release|Any CPU.ActiveCfg = Release|Any CPU
		{77B43AD4-4343-4737-B9FB-AC2C80CDE247}.Release|Any CPU.Build.0 = Release|Any CPU
	EndGlobalSection
	GlobalSection(SolutionProperties) = preSolution
		HideSolutionNode = FALSE
	EndGlobalSection
EndGlobal
